// !$*UTF8*$!
{
	archiveVersion = 1;
	classes = {
	};
	objectVersion = 46;
	objects = {

/* Begin PBXBuildFile section */
		1AAC730C1997BF5000EF2733 /* AppDelegate.swift in Sources */ = {isa = PBXBuildFile; fileRef = 1AAC730B1997BF5000EF2733 /* AppDelegate.swift */; };
		1AAC730E1997BF5000EF2733 /* ViewController.swift in Sources */ = {isa = PBXBuildFile; fileRef = 1AAC730D1997BF5000EF2733 /* ViewController.swift */; };
		1AAC73111997BF5000EF2733 /* Main.storyboard in Resources */ = {isa = PBXBuildFile; fileRef = 1AAC730F1997BF5000EF2733 /* Main.storyboard */; };
		1AAC73131997BF5000EF2733 /* Images.xcassets in Resources */ = {isa = PBXBuildFile; fileRef = 1AAC73121997BF5000EF2733 /* Images.xcassets */; };
		1AAC731F1997BF5000EF2733 /* CCCircleSpinLayer_swiftTests.swift in Sources */ = {isa = PBXBuildFile; fileRef = 1AAC731E1997BF5000EF2733 /* CCCircleSpinLayer_swiftTests.swift */; };
/* End PBXBuildFile section */

/* Begin PBXContainerItemProxy section */
		1AAC73191997BF5000EF2733 /* PBXContainerItemProxy */ = {
			isa = PBXContainerItemProxy;
			containerPortal = 1AAC72FE1997BF5000EF2733 /* Project object */;
			proxyType = 1;
			remoteGlobalIDString = 1AAC73051997BF5000EF2733;
			remoteInfo = "CCCircleSpinLayer-swift";
		};
/* End PBXContainerItemProxy section */

/* Begin PBXFileReference section */
		1AAC73061997BF5000EF2733 /* CCCircleSpinLayer-swift.app */ = {isa = PBXFileReference; explicitFileType = wrapper.application; includeInIndex = 0; path = "CCCircleSpinLayer-swift.app"; sourceTree = BUILT_PRODUCTS_DIR; };
		1AAC730A1997BF5000EF2733 /* Info.plist */ = {isa = PBXFileReference; lastKnownFileType = text.plist.xml; path = Info.plist; sourceTree = "<group>"; };
		1AAC730B1997BF5000EF2733 /* AppDelegate.swift */ = {isa = PBXFileReference; lastKnownFileType = sourcecode.swift; path = AppDelegate.swift; sourceTree = "<group>"; };
		1AAC730D1997BF5000EF2733 /* ViewController.swift */ = {isa = PBXFileReference; lastKnownFileType = sourcecode.swift; path = ViewController.swift; sourceTree = "<group>"; };
		1AAC73101997BF5000EF2733 /* Base */ = {isa = PBXFileReference; lastKnownFileType = file.storyboard; name = Base; path = Base.lproj/Main.storyboard; sourceTree = "<group>"; };
		1AAC73121997BF5000EF2733 /* Images.xcassets */ = {isa = PBXFileReference; lastKnownFileType = folder.assetcatalog; path = Images.xcassets; sourceTree = "<group>"; };
		1AAC73181997BF5000EF2733 /* CCCircleSpinLayer-swiftTests.xctest */ = {isa = PBXFileReference; explicitFileType = wrapper.cfbundle; includeInIndex = 0; path = "CCCircleSpinLayer-swiftTests.xctest"; sourceTree = BUILT_PRODUCTS_DIR; };
		1AAC731D1997BF5000EF2733 /* Info.plist */ = {isa = PBXFileReference; lastKnownFileType = text.plist.xml; path = Info.plist; sourceTree = "<group>"; };
		1AAC731E1997BF5000EF2733 /* CCCircleSpinLayer_swiftTests.swift */ = {isa = PBXFileReference; lastKnownFileType = sourcecode.swift; path = CCCircleSpinLayer_swiftTests.swift; sourceTree = "<group>"; };
/* End PBXFileReference section */

/* Begin PBXFrameworksBuildPhase section */
		1AAC73031997BF5000EF2733 /* Frameworks */ = {
			isa = PBXFrameworksBuildPhase;
			buildActionMask = 2147483647;
			files = (
			);
			runOnlyForDeploymentPostprocessing = 0;
		};
		1AAC73151997BF5000EF2733 /* Frameworks */ = {
			isa = PBXFrameworksBuildPhase;
			buildActionMask = 2147483647;
			files = (
			);
			runOnlyForDeploymentPostprocessing = 0;
		};
/* End PBXFrameworksBuildPhase section */

/* Begin PBXGroup section */
		1AAC72FD1997BF5000EF2733 = {
			isa = PBXGroup;
			children = (
				1AAC73081997BF5000EF2733 /* CCCircleSpinLayer-swift */,
				1AAC731B1997BF5000EF2733 /* CCCircleSpinLayer-swiftTests */,
				1AAC73071997BF5000EF2733 /* Products */,
			);
			sourceTree = "<group>";
		};
		1AAC73071997BF5000EF2733 /* Products */ = {
			isa = PBXGroup;
			children = (
				1AAC73061997BF5000EF2733 /* CCCircleSpinLayer-swift.app */,
				1AAC73181997BF5000EF2733 /* CCCircleSpinLayer-swiftTests.xctest */,
			);
			name = Products;
			sourceTree = "<group>";
		};
		1AAC73081997BF5000EF2733 /* CCCircleSpinLayer-swift */ = {
			isa = PBXGroup;
			children = (
				1AAC730B1997BF5000EF2733 /* AppDelegate.swift */,
				1AAC730D1997BF5000EF2733 /* ViewController.swift */,
				1AAC730F1997BF5000EF2733 /* Main.storyboard */,
				1AAC73121997BF5000EF2733 /* Images.xcassets */,
				1AAC73091997BF5000EF2733 /* Supporting Files */,
			);
			path = "CCCircleSpinLayer-swift";
			sourceTree = "<group>";
		};
		1AAC73091997BF5000EF2733 /* Supporting Files */ = {
			isa = PBXGroup;
			children = (
				1AAC730A1997BF5000EF2733 /* Info.plist */,
			);
			name = "Supporting Files";
			sourceTree = "<group>";
		};
		1AAC731B1997BF5000EF2733 /* CCCircleSpinLayer-swiftTests */ = {
			isa = PBXGroup;
			children = (
				1AAC731E1997BF5000EF2733 /* CCCircleSpinLayer_swiftTests.swift */,
				1AAC731C1997BF5000EF2733 /* Supporting Files */,
			);
			path = "CCCircleSpinLayer-swiftTests";
			sourceTree = "<group>";
		};
		1AAC731C1997BF5000EF2733 /* Supporting Files */ = {
			isa = PBXGroup;
			children = (
				1AAC731D1997BF5000EF2733 /* Info.plist */,
			);
			name = "Supporting Files";
			sourceTree = "<group>";
		};
/* End PBXGroup section */

/* Begin PBXNativeTarget section */
		1AAC73051997BF5000EF2733 /* CCCircleSpinLayer-swift */ = {
			isa = PBXNativeTarget;
			buildConfigurationList = 1AAC73221997BF5000EF2733 /* Build configuration list for PBXNativeTarget "CCCircleSpinLayer-swift" */;
			buildPhases = (
				1AAC73021997BF5000EF2733 /* Sources */,
				1AAC73031997BF5000EF2733 /* Frameworks */,
				1AAC73041997BF5000EF2733 /* Resources */,
			);
			buildRules = (
			);
			dependencies = (
			);
			name = "CCCircleSpinLayer-swift";
			productName = "CCCircleSpinLayer-swift";
			productReference = 1AAC73061997BF5000EF2733 /* CCCircleSpinLayer-swift.app */;
			productType = "com.apple.product-type.application";
		};
		1AAC73171997BF5000EF2733 /* CCCircleSpinLayer-swiftTests */ = {
			isa = PBXNativeTarget;
			buildConfigurationList = 1AAC73251997BF5000EF2733 /* Build configuration list for PBXNativeTarget "CCCircleSpinLayer-swiftTests" */;
			buildPhases = (
				1AAC73141997BF5000EF2733 /* Sources */,
				1AAC73151997BF5000EF2733 /* Frameworks */,
				1AAC73161997BF5000EF2733 /* Resources */,
			);
			buildRules = (
			);
			dependencies = (
				1AAC731A1997BF5000EF2733 /* PBXTargetDependency */,
			);
			name = "CCCircleSpinLayer-swiftTests";
			productName = "CCCircleSpinLayer-swiftTests";
			productReference = 1AAC73181997BF5000EF2733 /* CCCircleSpinLayer-swiftTests.xctest */;
			productType = "com.apple.product-type.bundle.unit-test";
		};
/* End PBXNativeTarget section */

/* Begin PBXProject section */
		1AAC72FE1997BF5000EF2733 /* Project object */ = {
			isa = PBXProject;
			attributes = {
				LastUpgradeCheck = 0600;
				ORGANIZATIONNAME = ccw;
				TargetAttributes = {
					1AAC73051997BF5000EF2733 = {
						CreatedOnToolsVersion = 6.0;
					};
					1AAC73171997BF5000EF2733 = {
						CreatedOnToolsVersion = 6.0;
						TestTargetID = 1AAC73051997BF5000EF2733;
					};
				};
			};
			buildConfigurationList = 1AAC73011997BF5000EF2733 /* Build configuration list for PBXProject "CCCircleSpinLayer-swift" */;
			compatibilityVersion = "Xcode 3.2";
			developmentRegion = English;
			hasScannedForEncodings = 0;
			knownRegions = (
				en,
				Base,
			);
			mainGroup = 1AAC72FD1997BF5000EF2733;
			productRefGroup = 1AAC73071997BF5000EF2733 /* Products */;
			projectDirPath = "";
			projectRoot = "";
			targets = (
				1AAC73051997BF5000EF2733 /* CCCircleSpinLayer-swift */,
				1AAC73171997BF5000EF2733 /* CCCircleSpinLayer-swiftTests */,
			);
		};
/* End PBXProject section */

/* Begin PBXResourcesBuildPhase section */
		1AAC73041997BF5000EF2733 /* Resources */ = {
			isa = PBXResourcesBuildPhase;
			buildActionMask = 2147483647;
			files = (
				1AAC73111997BF5000EF2733 /* Main.storyboard in Resources */,
				1AAC73131997BF5000EF2733 /* Images.xcassets in Resources */,
			);
			runOnlyForDeploymentPostprocessing = 0;
		};
		1AAC73161997BF5000EF2733 /* Resources */ = {
			isa = PBXResourcesBuildPhase;
			buildActionMask = 2147483647;
			files = (
			);
			runOnlyForDeploymentPostprocessing = 0;
		};
/* End PBXResourcesBuildPhase section */

/* Begin PBXSourcesBuildPhase section */
		1AAC73021997BF5000EF2733 /* Sources */ = {
			isa = PBXSourcesBuildPhase;
			buildActionMask = 2147483647;
			files = (
				1AAC730E1997BF5000EF2733 /* ViewController.swift in Sources */,
				1AAC730C1997BF5000EF2733 /* AppDelegate.swift in Sources */,
			);
			runOnlyForDeploymentPostprocessing = 0;
		};
		1AAC73141997BF5000EF2733 /* Sources */ = {
			isa = PBXSourcesBuildPhase;
			buildActionMask = 2147483647;
			files = (
				1AAC731F1997BF5000EF2733 /* CCCircleSpinLayer_swiftTests.swift in Sources */,
			);
			runOnlyForDeploymentPostprocessing = 0;
		};
/* End PBXSourcesBuildPhase section */

/* Begin PBXTargetDependency section */
		1AAC731A1997BF5000EF2733 /* PBXTargetDependency */ = {
			isa = PBXTargetDependency;
			target = 1AAC73051997BF5000EF2733 /* CCCircleSpinLayer-swift */;
			targetProxy = 1AAC73191997BF5000EF2733 /* PBXContainerItemProxy */;
		};
/* End PBXTargetDependency section */

/* Begin PBXVariantGroup section */
		1AAC730F1997BF5000EF2733 /* Main.storyboard */ = {
			isa = PBXVariantGroup;
			children = (
				1AAC73101997BF5000EF2733 /* Base */,
			);
			name = Main.storyboard;
			sourceTree = "<group>";
		};
/* End PBXVariantGroup section */

/* Begin XCBuildConfiguration section */
		1AAC73201997BF5000EF2733 /* Debug */ = {
			isa = XCBuildConfiguration;
			buildSettings = {
				ALWAYS_SEARCH_USER_PATHS = NO;
				CLANG_CXX_LANGUAGE_STANDARD = "gnu++0x";
				CLANG_CXX_LIBRARY = "libc++";
				CLANG_ENABLE_MODULES = YES;
				CLANG_ENABLE_OBJC_ARC = YES;
				CLANG_WARN_BOOL_CONVERSION = YES;
				CLANG_WARN_CONSTANT_CONVERSION = YES;
				CLANG_WARN_DIRECT_OBJC_ISA_USAGE = YES_ERROR;
				CLANG_WARN_EMPTY_BODY = YES;
				CLANG_WARN_ENUM_CONVERSION = YES;
				CLANG_WARN_INT_CONVERSION = YES;
				CLANG_WARN_OBJC_ROOT_CLASS = YES_ERROR;
				CLANG_WARN_UNREACHABLE_CODE = YES;
				CLANG_WARN__DUPLICATE_METHOD_MATCH = YES;
				"CODE_SIGN_IDENTITY[sdk=iphoneos*]" = "iPhone Developer";
				COPY_PHASE_STRIP = NO;
				ENABLE_STRICT_OBJC_MSGSEND = YES;
				GCC_C_LANGUAGE_STANDARD = gnu99;
				GCC_DYNAMIC_NO_PIC = NO;
				GCC_OPTIMIZATION_LEVEL = 0;
				GCC_PREPROCESSOR_DEFINITIONS = (
					"DEBUG=1",
					"$(inherited)",
				);
				GCC_SYMBOLS_PRIVATE_EXTERN = NO;
				GCC_WARN_64_TO_32_BIT_CONVERSION = YES;
				GCC_WARN_ABOUT_RETURN_TYPE = YES_ERROR;
				GCC_WARN_UNDECLARED_SELECTOR = YES;
				GCC_WARN_UNINITIALIZED_AUTOS = YES_AGGRESSIVE;
				GCC_WARN_UNUSED_FUNCTION = YES;
				GCC_WARN_UNUSED_VARIABLE = YES;
				IPHONEOS_DEPLOYMENT_TARGET = 8.0;
				MTL_ENABLE_DEBUG_INFO = YES;
				ONLY_ACTIVE_ARCH = YES;
				SDKROOT = iphoneos;
				SWIFT_OPTIMIZATION_LEVEL = "-Onone";
				TARGETED_DEVICE_FAMILY = "1,2";
			};
			name = Debug;
		};
		1AAC73211997BF5000EF2733 /* Release */ = {
			isa = XCBuildConfiguration;
			buildSettings = {
				ALWAYS_SEARCH_USER_PATHS = NO;
				CLANG_CXX_LANGUAGE_STANDARD = "gnu++0x";
				CLANG_CXX_LIBRARY = "libc++";
				CLANG_ENABLE_MODULES = YES;
				CLANG_ENABLE_OBJC_ARC = YES;
				CLANG_WARN_BOOL_CONVERSION = YES;
				CLANG_WARN_CONSTANT_CONVERSION = YES;
				CLANG_WARN_DIRECT_OBJC_ISA_USAGE = YES_ERROR;
				CLANG_WARN_EMPTY_BODY = YES;
				CLANG_WARN_ENUM_CONVERSION = YES;
				CLANG_WARN_INT_CONVERSION = YES;
				CLANG_WARN_OBJC_ROOT_CLASS = YES_ERROR;
				CLANG_WARN_UNREACHABLE_CODE = YES;
				CLANG_WARN__DUPLICATE_METHOD_MATCH = YES;
				"CODE_SIGN_IDENTITY[sdk=iphoneos*]" = "iPhone Developer";
				COPY_PHASE_STRIP = YES;
				ENABLE_NS_ASSERTIONS = NO;
				ENABLE_STRICT_OBJC_MSGSEND = YES;
				GCC_C_LANGUAGE_STANDARD = gnu99;
				GCC_WARN_64_TO_32_BIT_CONVERSION = YES;
				GCC_WARN_ABOUT_RETURN_TYPE = YES_ERROR;
				GCC_WARN_UNDECLARED_SELECTOR = YES;
				GCC_WARN_UNINITIALIZED_AUTOS = YES_AGGRESSIVE;
				GCC_WARN_UNUSED_FUNCTION = YES;
				GCC_WARN_UNUSED_VARIABLE = YES;
				IPHONEOS_DEPLOYMENT_TARGET = 8.0;
				MTL_ENABLE_DEBUG_INFO = NO;
				SDKROOT = iphoneos;
				TARGETED_DEVICE_FAMILY = "1,2";
				VALIDATE_PRODUCT = YES;
			};
			name = Release;
		};
		1AAC73231997BF5000EF2733 /* Debug */ = {
			isa = XCBuildConfiguration;
			buildSettings = {
				ASSETCATALOG_COMPILER_APPICON_NAME = AppIcon;
				ASSETCATALOG_COMPILER_LAUNCHIMAGE_NAME = LaunchImage;
				INFOPLIST_FILE = "CCCircleSpinLayer-swift/Info.plist";
				LD_RUNPATH_SEARCH_PATHS = "$(inherited) @executable_path/Frameworks";
				PRODUCT_NAME = "$(TARGET_NAME)";
			};
			name = Debug;
		};
		1AAC73241997BF5000EF2733 /* Release */ = {
			isa = XCBuildConfiguration;
			buildSettings = {
				ASSETCATALOG_COMPILER_APPICON_NAME = AppIcon;
				ASSETCATALOG_COMPILER_LAUNCHIMAGE_NAME = LaunchImage;
				INFOPLIST_FILE = "CCCircleSpinLayer-swift/Info.plist";
				LD_RUNPATH_SEARCH_PATHS = "$(inherited) @executable_path/Frameworks";
				PRODUCT_NAME = "$(TARGET_NAME)";
			};
			name = Release;
		};
		1AAC73261997BF5000EF2733 /* Debug */ = {
			isa = XCBuildConfiguration;
			buildSettings = {
				BUNDLE_LOADER = "$(TEST_HOST)";
				FRAMEWORK_SEARCH_PATHS = (
					"$(SDKROOT)/Developer/Library/Frameworks",
					"$(inherited)",
				);
				GCC_PREPROCESSOR_DEFINITIONS = (
					"DEBUG=1",
					"$(inherited)",
				);
				INFOPLIST_FILE = "CCCircleSpinLayer-swiftTests/Info.plist";
				LD_RUNPATH_SEARCH_PATHS = "$(inherited) @executable_path/Frameworks @loader_path/Frameworks";
				PRODUCT_NAME = "$(TARGET_NAME)";
				TEST_HOST = "$(BUILT_PRODUCTS_DIR)/CCCircleSpinLayer-swift.app/CCCircleSpinLayer-swift";
			};
			name = Debug;
		};
		1AAC73271997BF5000EF2733 /* Release */ = {
			isa = XCBuildConfiguration;
			buildSettings = {
				BUNDLE_LOADER = "$(TEST_HOST)";
				FRAMEWORK_SEARCH_PATHS = (
					"$(SDKROOT)/Developer/Library/Frameworks",
					"$(inherited)",
				);
				INFOPLIST_FILE = "CCCircleSpinLayer-swiftTests/Info.plist";
				LD_RUNPATH_SEARCH_PATHS = "$(inherited) @executable_path/Frameworks @loader_path/Frameworks";
				PRODUCT_NAME = "$(TARGET_NAME)";
				TEST_HOST = "$(BUILT_PRODUCTS_DIR)/CCCircleSpinLayer-swift.app/CCCircleSpinLayer-swift";
			};
			name = Release;
		};
/* End XCBuildConfiguration section */

/* Begin XCConfigurationList section */
		1AAC73011997BF5000EF2733 /* Build configuration list for PBXProject "CCCircleSpinLayer-swift" */ = {
			isa = XCConfigurationList;
			buildConfigurations = (
				1AAC73201997BF5000EF2733 /* Debug */,
				1AAC73211997BF5000EF2733 /* Release */,
			);
			defaultConfigurationIsVisible = 0;
			defaultConfigurationName = Release;
		};
		1AAC73221997BF5000EF2733 /* Build configuration list for PBXNativeTarget "CCCircleSpinLayer-swift" */ = {
			isa = XCConfigurationList;
			buildConfigurations = (
				1AAC73231997BF5000EF2733 /* Debug */,
				1AAC73241997BF5000EF2733 /* Release */,
			);
			defaultConfigurationIsVisible = 0;
		};
		1AAC73251997BF5000EF2733 /* Build configuration list for PBXNativeTarget "CCCircleSpinLayer-swiftTests" */ = {
			isa = XCConfigurationList;
			buildConfigurations = (
				1AAC73261997BF5000EF2733 /* Debug */,
				1AAC73271997BF5000EF2733 /* Release */,
			);
			defaultConfigurationIsVisible = 0;
		};
/* End XCConfigurationList section */
	};
	rootObject = 1AAC72FE1997BF5000EF2733 /* Project object */;
}
