// !$*UTF8*$!
{
	archiveVersion = 1;
	classes = {
	};
	objectVersion = 46;
	objects = {

/* Begin PBXBuildFile section */
		1A9F4FF719990BF600241C93 /* AppDelegate.swift in Sources */ = {isa = PBXBuildFile; fileRef = 1A9F4FF619990BF600241C93 /* AppDelegate.swift */; };
		1A9F4FF919990BF600241C93 /* ViewController.swift in Sources */ = {isa = PBXBuildFile; fileRef = 1A9F4FF819990BF600241C93 /* ViewController.swift */; };
		1A9F4FFC19990BF600241C93 /* Main.storyboard in Resources */ = {isa = PBXBuildFile; fileRef = 1A9F4FFA19990BF600241C93 /* Main.storyboard */; };
		1A9F4FFE19990BF600241C93 /* Images.xcassets in Resources */ = {isa = PBXBuildFile; fileRef = 1A9F4FFD19990BF600241C93 /* Images.xcassets */; };
		1A9F500A19990BF600241C93 /* Demo_bridgeTests.swift in Sources */ = {isa = PBXBuildFile; fileRef = 1A9F500919990BF600241C93 /* Demo_bridgeTests.swift */; };
		1A9F501619990C3A00241C93 /* CCCircleSpinLayer.m in Sources */ = {isa = PBXBuildFile; fileRef = 1A9F501519990C3A00241C93 /* CCCircleSpinLayer.m */; };
/* End PBXBuildFile section */

/* Begin PBXContainerItemProxy section */
		1A9F500419990BF600241C93 /* PBXContainerItemProxy */ = {
			isa = PBXContainerItemProxy;
			containerPortal = 1A9F4FE919990BF600241C93 /* Project object */;
			proxyType = 1;
			remoteGlobalIDString = 1A9F4FF019990BF600241C93;
			remoteInfo = "Demo-bridge";
		};
/* End PBXContainerItemProxy section */

/* Begin PBXFileReference section */
		1A9F4FF119990BF600241C93 /* Demo-bridge.app */ = {isa = PBXFileReference; explicitFileType = wrapper.application; includeInIndex = 0; path = "Demo-bridge.app"; sourceTree = BUILT_PRODUCTS_DIR; };
		1A9F4FF519990BF600241C93 /* Info.plist */ = {isa = PBXFileReference; lastKnownFileType = text.plist.xml; path = Info.plist; sourceTree = "<group>"; };
		1A9F4FF619990BF600241C93 /* AppDelegate.swift */ = {isa = PBXFileReference; lastKnownFileType = sourcecode.swift; path = AppDelegate.swift; sourceTree = "<group>"; };
		1A9F4FF819990BF600241C93 /* ViewController.swift */ = {isa = PBXFileReference; lastKnownFileType = sourcecode.swift; path = ViewController.swift; sourceTree = "<group>"; };
		1A9F4FFB19990BF600241C93 /* Base */ = {isa = PBXFileReference; lastKnownFileType = file.storyboard; name = Base; path = Base.lproj/Main.storyboard; sourceTree = "<group>"; };
		1A9F4FFD19990BF600241C93 /* Images.xcassets */ = {isa = PBXFileReference; lastKnownFileType = folder.assetcatalog; path = Images.xcassets; sourceTree = "<group>"; };
		1A9F500319990BF600241C93 /* Demo-bridgeTests.xctest */ = {isa = PBXFileReference; explicitFileType = wrapper.cfbundle; includeInIndex = 0; path = "Demo-bridgeTests.xctest"; sourceTree = BUILT_PRODUCTS_DIR; };
		1A9F500819990BF600241C93 /* Info.plist */ = {isa = PBXFileReference; lastKnownFileType = text.plist.xml; path = Info.plist; sourceTree = "<group>"; };
		1A9F500919990BF600241C93 /* Demo_bridgeTests.swift */ = {isa = PBXFileReference; lastKnownFileType = sourcecode.swift; path = Demo_bridgeTests.swift; sourceTree = "<group>"; };
		1A9F501419990C3A00241C93 /* CCCircleSpinLayer.h */ = {isa = PBXFileReference; fileEncoding = 4; lastKnownFileType = sourcecode.c.h; path = CCCircleSpinLayer.h; sourceTree = "<group>"; };
		1A9F501519990C3A00241C93 /* CCCircleSpinLayer.m */ = {isa = PBXFileReference; fileEncoding = 4; lastKnownFileType = sourcecode.c.objc; path = CCCircleSpinLayer.m; sourceTree = "<group>"; };
		1A9F501719990C4600241C93 /* Demo_bridge-Bridging-Header.h */ = {isa = PBXFileReference; fileEncoding = 4; lastKnownFileType = sourcecode.c.h; path = "Demo_bridge-Bridging-Header.h"; sourceTree = "<group>"; };
/* End PBXFileReference section */

/* Begin PBXFrameworksBuildPhase section */
		1A9F4FEE19990BF600241C93 /* Frameworks */ = {
			isa = PBXFrameworksBuildPhase;
			buildActionMask = 2147483647;
			files = (
			);
			runOnlyForDeploymentPostprocessing = 0;
		};
		1A9F500019990BF600241C93 /* Frameworks */ = {
			isa = PBXFrameworksBuildPhase;
			buildActionMask = 2147483647;
			files = (
			);
			runOnlyForDeploymentPostprocessing = 0;
		};
/* End PBXFrameworksBuildPhase section */

/* Begin PBXGroup section */
		1A9F4FE819990BF600241C93 = {
			isa = PBXGroup;
			children = (
				1A9F501319990C3A00241C93 /* CCCircleSpinLayer */,
				1A9F4FF319990BF600241C93 /* Demo-bridge */,
				1A9F500619990BF600241C93 /* Demo-bridgeTests */,
				1A9F4FF219990BF600241C93 /* Products */,
			);
			sourceTree = "<group>";
		};
		1A9F4FF219990BF600241C93 /* Products */ = {
			isa = PBXGroup;
			children = (
				1A9F4FF119990BF600241C93 /* Demo-bridge.app */,
				1A9F500319990BF600241C93 /* Demo-bridgeTests.xctest */,
			);
			name = Products;
			sourceTree = "<group>";
		};
		1A9F4FF319990BF600241C93 /* Demo-bridge */ = {
			isa = PBXGroup;
			children = (
				1A9F4FF619990BF600241C93 /* AppDelegate.swift */,
				1A9F4FF819990BF600241C93 /* ViewController.swift */,
				1A9F4FFA19990BF600241C93 /* Main.storyboard */,
				1A9F4FFD19990BF600241C93 /* Images.xcassets */,
				1A9F4FF419990BF600241C93 /* Supporting Files */,
			);
			path = "Demo-bridge";
			sourceTree = "<group>";
		};
		1A9F4FF419990BF600241C93 /* Supporting Files */ = {
			isa = PBXGroup;
			children = (
				1A9F501719990C4600241C93 /* Demo_bridge-Bridging-Header.h */,
				1A9F4FF519990BF600241C93 /* Info.plist */,
			);
			name = "Supporting Files";
			sourceTree = "<group>";
		};
		1A9F500619990BF600241C93 /* Demo-bridgeTests */ = {
			isa = PBXGroup;
			children = (
				1A9F500919990BF600241C93 /* Demo_bridgeTests.swift */,
				1A9F500719990BF600241C93 /* Supporting Files */,
			);
			path = "Demo-bridgeTests";
			sourceTree = "<group>";
		};
		1A9F500719990BF600241C93 /* Supporting Files */ = {
			isa = PBXGroup;
			children = (
				1A9F500819990BF600241C93 /* Info.plist */,
			);
			name = "Supporting Files";
			sourceTree = "<group>";
		};
		1A9F501319990C3A00241C93 /* CCCircleSpinLayer */ = {
			isa = PBXGroup;
			children = (
				1A9F501419990C3A00241C93 /* CCCircleSpinLayer.h */,
				1A9F501519990C3A00241C93 /* CCCircleSpinLayer.m */,
			);
			name = CCCircleSpinLayer;
			path = ../CCCircleSpinLayer;
			sourceTree = "<group>";
		};
/* End PBXGroup section */

/* Begin PBXNativeTarget section */
		1A9F4FF019990BF600241C93 /* Demo-bridge */ = {
			isa = PBXNativeTarget;
			buildConfigurationList = 1A9F500D19990BF600241C93 /* Build configuration list for PBXNativeTarget "Demo-bridge" */;
			buildPhases = (
				1A9F4FED19990BF600241C93 /* Sources */,
				1A9F4FEE19990BF600241C93 /* Frameworks */,
				1A9F4FEF19990BF600241C93 /* Resources */,
			);
			buildRules = (
			);
			dependencies = (
			);
			name = "Demo-bridge";
			productName = "Demo-bridge";
			productReference = 1A9F4FF119990BF600241C93 /* Demo-bridge.app */;
			productType = "com.apple.product-type.application";
		};
		1A9F500219990BF600241C93 /* Demo-bridgeTests */ = {
			isa = PBXNativeTarget;
			buildConfigurationList = 1A9F501019990BF600241C93 /* Build configuration list for PBXNativeTarget "Demo-bridgeTests" */;
			buildPhases = (
				1A9F4FFF19990BF600241C93 /* Sources */,
				1A9F500019990BF600241C93 /* Frameworks */,
				1A9F500119990BF600241C93 /* Resources */,
			);
			buildRules = (
			);
			dependencies = (
				1A9F500519990BF600241C93 /* PBXTargetDependency */,
			);
			name = "Demo-bridgeTests";
			productName = "Demo-bridgeTests";
			productReference = 1A9F500319990BF600241C93 /* Demo-bridgeTests.xctest */;
			productType = "com.apple.product-type.bundle.unit-test";
		};
/* End PBXNativeTarget section */

/* Begin PBXProject section */
		1A9F4FE919990BF600241C93 /* Project object */ = {
			isa = PBXProject;
			attributes = {
				LastUpgradeCheck = 0600;
				ORGANIZATIONNAME = ccw;
				TargetAttributes = {
					1A9F4FF019990BF600241C93 = {
						CreatedOnToolsVersion = 6.0;
					};
					1A9F500219990BF600241C93 = {
						CreatedOnToolsVersion = 6.0;
						TestTargetID = 1A9F4FF019990BF600241C93;
					};
				};
			};
			buildConfigurationList = 1A9F4FEC19990BF600241C93 /* Build configuration list for PBXProject "Demo-bridge" */;
			compatibilityVersion = "Xcode 3.2";
			developmentRegion = English;
			hasScannedForEncodings = 0;
			knownRegions = (
				en,
				Base,
			);
			mainGroup = 1A9F4FE819990BF600241C93;
			productRefGroup = 1A9F4FF219990BF600241C93 /* Products */;
			projectDirPath = "";
			projectRoot = "";
			targets = (
				1A9F4FF019990BF600241C93 /* Demo-bridge */,
				1A9F500219990BF600241C93 /* Demo-bridgeTests */,
			);
		};
/* End PBXProject section */

/* Begin PBXResourcesBuildPhase section */
		1A9F4FEF19990BF600241C93 /* Resources */ = {
			isa = PBXResourcesBuildPhase;
			buildActionMask = 2147483647;
			files = (
				1A9F4FFC19990BF600241C93 /* Main.storyboard in Resources */,
				1A9F4FFE19990BF600241C93 /* Images.xcassets in Resources */,
			);
			runOnlyForDeploymentPostprocessing = 0;
		};
		1A9F500119990BF600241C93 /* Resources */ = {
			isa = PBXResourcesBuildPhase;
			buildActionMask = 2147483647;
			files = (
			);
			runOnlyForDeploymentPostprocessing = 0;
		};
/* End PBXResourcesBuildPhase section */

/* Begin PBXSourcesBuildPhase section */
		1A9F4FED19990BF600241C93 /* Sources */ = {
			isa = PBXSourcesBuildPhase;
			buildActionMask = 2147483647;
			files = (
				1A9F4FF919990BF600241C93 /* ViewController.swift in Sources */,
				1A9F501619990C3A00241C93 /* CCCircleSpinLayer.m in Sources */,
				1A9F4FF719990BF600241C93 /* AppDelegate.swift in Sources */,
			);
			runOnlyForDeploymentPostprocessing = 0;
		};
		1A9F4FFF19990BF600241C93 /* Sources */ = {
			isa = PBXSourcesBuildPhase;
			buildActionMask = 2147483647;
			files = (
				1A9F500A19990BF600241C93 /* Demo_bridgeTests.swift in Sources */,
			);
			runOnlyForDeploymentPostprocessing = 0;
		};
/* End PBXSourcesBuildPhase section */

/* Begin PBXTargetDependency section */
		1A9F500519990BF600241C93 /* PBXTargetDependency */ = {
			isa = PBXTargetDependency;
			target = 1A9F4FF019990BF600241C93 /* Demo-bridge */;
			targetProxy = 1A9F500419990BF600241C93 /* PBXContainerItemProxy */;
		};
/* End PBXTargetDependency section */

/* Begin PBXVariantGroup section */
		1A9F4FFA19990BF600241C93 /* Main.storyboard */ = {
			isa = PBXVariantGroup;
			children = (
				1A9F4FFB19990BF600241C93 /* Base */,
			);
			name = Main.storyboard;
			sourceTree = "<group>";
		};
/* End PBXVariantGroup section */

/* Begin XCBuildConfiguration section */
		1A9F500B19990BF600241C93 /* Debug */ = {
			isa = XCBuildConfiguration;
			buildSettings = {
				ALWAYS_SEARCH_USER_PATHS = NO;
				CLANG_CXX_LANGUAGE_STANDARD = "gnu++0x";
				CLANG_CXX_LIBRARY = "libc++";
				CLANG_ENABLE_MODULES = YES;
				CLANG_ENABLE_OBJC_ARC = YES;
				CLANG_WARN_BOOL_CONVERSION = YES;
				CLANG_WARN_CONSTANT_CONVERSION = YES;
				CLANG_WARN_DIRECT_OBJC_ISA_USAGE = YES_ERROR;
				CLANG_WARN_EMPTY_BODY = YES;
				CLANG_WARN_ENUM_CONVERSION = YES;
				CLANG_WARN_INT_CONVERSION = YES;
				CLANG_WARN_OBJC_ROOT_CLASS = YES_ERROR;
				CLANG_WARN_UNREACHABLE_CODE = YES;
				CLANG_WARN__DUPLICATE_METHOD_MATCH = YES;
				"CODE_SIGN_IDENTITY[sdk=iphoneos*]" = "iPhone Developer";
				COPY_PHASE_STRIP = NO;
				ENABLE_STRICT_OBJC_MSGSEND = YES;
				GCC_C_LANGUAGE_STANDARD = gnu99;
				GCC_DYNAMIC_NO_PIC = NO;
				GCC_OPTIMIZATION_LEVEL = 0;
				GCC_PREPROCESSOR_DEFINITIONS = (
					"DEBUG=1",
					"$(inherited)",
				);
				GCC_SYMBOLS_PRIVATE_EXTERN = NO;
				GCC_WARN_64_TO_32_BIT_CONVERSION = YES;
				GCC_WARN_ABOUT_RETURN_TYPE = YES_ERROR;
				GCC_WARN_UNDECLARED_SELECTOR = YES;
				GCC_WARN_UNINITIALIZED_AUTOS = YES_AGGRESSIVE;
				GCC_WARN_UNUSED_FUNCTION = YES;
				GCC_WARN_UNUSED_VARIABLE = YES;
				IPHONEOS_DEPLOYMENT_TARGET = 8.0;
				MTL_ENABLE_DEBUG_INFO = YES;
				ONLY_ACTIVE_ARCH = YES;
				SDKROOT = iphoneos;
				SWIFT_OPTIMIZATION_LEVEL = "-Onone";
				TARGETED_DEVICE_FAMILY = "1,2";
			};
			name = Debug;
		};
		1A9F500C19990BF600241C93 /* Release */ = {
			isa = XCBuildConfiguration;
			buildSettings = {
				ALWAYS_SEARCH_USER_PATHS = NO;
				CLANG_CXX_LANGUAGE_STANDARD = "gnu++0x";
				CLANG_CXX_LIBRARY = "libc++";
				CLANG_ENABLE_MODULES = YES;
				CLANG_ENABLE_OBJC_ARC = YES;
				CLANG_WARN_BOOL_CONVERSION = YES;
				CLANG_WARN_CONSTANT_CONVERSION = YES;
				CLANG_WARN_DIRECT_OBJC_ISA_USAGE = YES_ERROR;
				CLANG_WARN_EMPTY_BODY = YES;
				CLANG_WARN_ENUM_CONVERSION = YES;
				CLANG_WARN_INT_CONVERSION = YES;
				CLANG_WARN_OBJC_ROOT_CLASS = YES_ERROR;
				CLANG_WARN_UNREACHABLE_CODE = YES;
				CLANG_WARN__DUPLICATE_METHOD_MATCH = YES;
				"CODE_SIGN_IDENTITY[sdk=iphoneos*]" = "iPhone Developer";
				COPY_PHASE_STRIP = YES;
				ENABLE_NS_ASSERTIONS = NO;
				ENABLE_STRICT_OBJC_MSGSEND = YES;
				GCC_C_LANGUAGE_STANDARD = gnu99;
				GCC_WARN_64_TO_32_BIT_CONVERSION = YES;
				GCC_WARN_ABOUT_RETURN_TYPE = YES_ERROR;
				GCC_WARN_UNDECLARED_SELECTOR = YES;
				GCC_WARN_UNINITIALIZED_AUTOS = YES_AGGRESSIVE;
				GCC_WARN_UNUSED_FUNCTION = YES;
				GCC_WARN_UNUSED_VARIABLE = YES;
				IPHONEOS_DEPLOYMENT_TARGET = 8.0;
				MTL_ENABLE_DEBUG_INFO = NO;
				SDKROOT = iphoneos;
				TARGETED_DEVICE_FAMILY = "1,2";
				VALIDATE_PRODUCT = YES;
			};
			name = Release;
		};
		1A9F500E19990BF600241C93 /* Debug */ = {
			isa = XCBuildConfiguration;
			buildSettings = {
				ASSETCATALOG_COMPILER_APPICON_NAME = AppIcon;
				ASSETCATALOG_COMPILER_LAUNCHIMAGE_NAME = LaunchImage;
				CODE_SIGN_IDENTITY = "iPhone Developer: Ka Keung Lau (Y7HHTMY55K)";
				INFOPLIST_FILE = "Demo-bridge/Info.plist";
				IPHONEOS_DEPLOYMENT_TARGET = 7.0;
				LD_RUNPATH_SEARCH_PATHS = "$(inherited) @executable_path/Frameworks";
				PRODUCT_NAME = "$(TARGET_NAME)";
				PROVISIONING_PROFILE = "46694c8e-1b4d-4109-93a5-981a1ef66144";
				SWIFT_OBJC_BRIDGING_HEADER = "Demo-bridge/Demo_bridge-Bridging-Header.h";
			};
			name = Debug;
		};
		1A9F500F19990BF600241C93 /* Release */ = {
			isa = XCBuildConfiguration;
			buildSettings = {
				ASSETCATALOG_COMPILER_APPICON_NAME = AppIcon;
				ASSETCATALOG_COMPILER_LAUNCHIMAGE_NAME = LaunchImage;
				CODE_SIGN_IDENTITY = "iPhone Developer: Ka Keung Lau (Y7HHTMY55K)";
				INFOPLIST_FILE = "Demo-bridge/Info.plist";
				IPHONEOS_DEPLOYMENT_TARGET = 7.0;
				LD_RUNPATH_SEARCH_PATHS = "$(inherited) @executable_path/Frameworks";
				PRODUCT_NAME = "$(TARGET_NAME)";
				PROVISIONING_PROFILE = "46694c8e-1b4d-4109-93a5-981a1ef66144";
				SWIFT_OBJC_BRIDGING_HEADER = "Demo-bridge/Demo_bridge-Bridging-Header.h";
			};
			name = Release;
		};
		1A9F501119990BF600241C93 /* Debug */ = {
			isa = XCBuildConfiguration;
			buildSettings = {
				BUNDLE_LOADER = "$(TEST_HOST)";
				FRAMEWORK_SEARCH_PATHS = (
					"$(SDKROOT)/Developer/Library/Frameworks",
					"$(inherited)",
				);
				GCC_PREPROCESSOR_DEFINITIONS = (
					"DEBUG=1",
					"$(inherited)",
				);
				INFOPLIST_FILE = "Demo-bridgeTests/Info.plist";
				LD_RUNPATH_SEARCH_PATHS = "$(inherited) @executable_path/Frameworks @loader_path/Frameworks";
				PRODUCT_NAME = "$(TARGET_NAME)";
				TEST_HOST = "$(BUILT_PRODUCTS_DIR)/Demo-bridge.app/Demo-bridge";
			};
			name = Debug;
		};
		1A9F501219990BF600241C93 /* Release */ = {
			isa = XCBuildConfiguration;
			buildSettings = {
				BUNDLE_LOADER = "$(TEST_HOST)";
				FRAMEWORK_SEARCH_PATHS = (
					"$(SDKROOT)/Developer/Library/Frameworks",
					"$(inherited)",
				);
				INFOPLIST_FILE = "Demo-bridgeTests/Info.plist";
				LD_RUNPATH_SEARCH_PATHS = "$(inherited) @executable_path/Frameworks @loader_path/Frameworks";
				PRODUCT_NAME = "$(TARGET_NAME)";
				TEST_HOST = "$(BUILT_PRODUCTS_DIR)/Demo-bridge.app/Demo-bridge";
			};
			name = Release;
		};
/* End XCBuildConfiguration section */

/* Begin XCConfigurationList section */
		1A9F4FEC19990BF600241C93 /* Build configuration list for PBXProject "Demo-bridge" */ = {
			isa = XCConfigurationList;
			buildConfigurations = (
				1A9F500B19990BF600241C93 /* Debug */,
				1A9F500C19990BF600241C93 /* Release */,
			);
			defaultConfigurationIsVisible = 0;
			defaultConfigurationName = Release;
		};
		1A9F500D19990BF600241C93 /* Build configuration list for PBXNativeTarget "Demo-bridge" */ = {
			isa = XCConfigurationList;
			buildConfigurations = (
				1A9F500E19990BF600241C93 /* Debug */,
				1A9F500F19990BF600241C93 /* Release */,
			);
			defaultConfigurationIsVisible = 0;
			defaultConfigurationName = Release;
		};
		1A9F501019990BF600241C93 /* Build configuration list for PBXNativeTarget "Demo-bridgeTests" */ = {
			isa = XCConfigurationList;
			buildConfigurations = (
				1A9F501119990BF600241C93 /* Debug */,
				1A9F501219990BF600241C93 /* Release */,
			);
			defaultConfigurationIsVisible = 0;
			defaultConfigurationName = Release;
		};
/* End XCConfigurationList section */
	};
	rootObject = 1A9F4FE919990BF600241C93 /* Project object */;
}
